
Microsoft Visual Studio Solution File, Format Version 12.00
# Visual Studio 2012
Project("{8BC9CEB8-8B4A-11D0-8D11-00A0C91BC942}") = "Multiple Two Matrix -3 8", "Multiple Two Matrix -3 8\Multiple Two Matrix -3 8.vcxproj", "{93499FE7-BA02-4E9D-8453-77B8FA37DFDB}"
EndProject
Global
	GlobalSection(SolutionConfigurationPlatforms) = preSolution
		Debug|Win32 = Debug|Win32
		Release|Win32 = Release|Win32
	EndGlobalSection
	GlobalSection(ProjectConfigurationPlatforms) = postSolution
		{93499FE7-BA02-4E9D-8453-77B8FA37DFDB}.Debug|Win32.ActiveCfg = Debug|Win32
		{93499FE7-BA02-4E9D-8453-77B8FA37DFDB}.Debug|Win32.Build.0 = Debug|Win32
		{93499FE7-BA02-4E9D-8453-77B8FA37DFDB}.Release|Win32.ActiveCfg = Release|Win32
		{93499FE7-BA02-4E9D-8453-77B8FA37DFDB}.Release|Win32.Build.0 = Release|Win32
	EndGlobalSection
	GlobalSection(SolutionProperties) = preSolution
		HideSolutionNode = FALSE
	EndGlobalSection
EndGlobal
